
Microsoft Visual Studio Solution File, Format Version 12.00
# Visual Studio Version 16
VisualStudioVersion = 16.0.30804.86
MinimumVisualStudioVersion = 10.0.40219.1
Project("{FAE04EC0-301F-11D3-BF4B-00C04F79EFBC}") = "SachOnline", "SachOnline.csproj", "{EF1612C7-5E92-418A-9B5D-8E0D877B6568}"
EndProject
Global
	GlobalSection(SolutionConfigurationPlatforms) = preSolution
		Debug|Any CPU = Debug|Any CPU
		Release|Any CPU = Release|Any CPU
	EndGlobalSection
	GlobalSection(ProjectConfigurationPlatforms) = postSolution
		{EF1612C7-5E92-418A-9B5D-8E0D877B6568}.Debug|Any CPU.ActiveCfg = Debug|Any CPU
		{EF1612C7-5E92-418A-9B5D-8E0D877B6568}.Debug|Any CPU.Build.0 = Debug|Any CPU
		{EF1612C7-5E92-418A-9B5D-8E0D877B6568}.Release|Any CPU.ActiveCfg = Release|Any CPU
		{EF1612C7-5E92-418A-9B5D-8E0D877B6568}.Release|Any CPU.Build.0 = Release|Any CPU
	EndGlobalSection
	GlobalSection(SolutionProperties) = preSolution
		HideSolutionNode = FALSE
	EndGlobalSection
	GlobalSection(ExtensibilityGlobals) = postSolution
		SolutionGuid = {4FFAB1E9-2BBA-45A8-B84C-24301084773B}
	EndGlobalSection
EndGlobal
